
Microsoft Visual Studio Solution File, Format Version 12.00
# Visual Studio Version 17
VisualStudioVersion = 17.8.34322.80
MinimumVisualStudioVersion = 10.0.40219.1
Project("{FAE04EC0-301F-11D3-BF4B-00C04F79EFBC}") = "MutationTestsExample", "MutationTestsExample\MutationTestsExample.csproj", "{504615F8-0DA1-49E5-9E89-4C2872205112}"
EndProject
Project("{FAE04EC0-301F-11D3-BF4B-00C04F79EFBC}") = "MutationTestsExample.UnitTests", "MutationTestsExample.UnitTests\MutationTestsExample.UnitTests.csproj", "{AE52339A-02C7-4516-8A6F-E55266C14E01}"
EndProject
Global
	GlobalSection(SolutionConfigurationPlatforms) = preSolution
		Debug|Any CPU = Debug|Any CPU
		Release|Any CPU = Release|Any CPU
	EndGlobalSection
	GlobalSection(ProjectConfigurationPlatforms) = postSolution
		{504615F8-0DA1-49E5-9E89-4C2872205112}.Debug|Any CPU.ActiveCfg = Debug|Any CPU
		{504615F8-0DA1-49E5-9E89-4C2872205112}.Debug|Any CPU.Build.0 = Debug|Any CPU
		{504615F8-0DA1-49E5-9E89-4C2872205112}.Release|Any CPU.ActiveCfg = Release|Any CPU
		{504615F8-0DA1-49E5-9E89-4C2872205112}.Release|Any CPU.Build.0 = Release|Any CPU
		{AE52339A-02C7-4516-8A6F-E55266C14E01}.Debug|Any CPU.ActiveCfg = Debug|Any CPU
		{AE52339A-02C7-4516-8A6F-E55266C14E01}.Debug|Any CPU.Build.0 = Debug|Any CPU
		{AE52339A-02C7-4516-8A6F-E55266C14E01}.Release|Any CPU.ActiveCfg = Release|Any CPU
		{AE52339A-02C7-4516-8A6F-E55266C14E01}.Release|Any CPU.Build.0 = Release|Any CPU
	EndGlobalSection
	GlobalSection(SolutionProperties) = preSolution
		HideSolutionNode = FALSE
	EndGlobalSection
	GlobalSection(ExtensibilityGlobals) = postSolution
		SolutionGuid = {83267228-63F5-4847-A6FD-7415E54A12A1}
	EndGlobalSection
EndGlobal
